{
    "_readme": [
        "This file locks the dependencies of your project to a known state",
        "Read more about it at https://getcomposer.org/doc/01-basic-usage.md#installing-dependencies",
        "This file is @generated automatically"
    ],
    "content-hash": "e578f4661cf42f6cc7dd3306f2e0d6eb",
    "packages": [
        {
            "name": "christian-riesen/base32",
            "version": "1.6.0",
            "source": {
                "type": "git",
                "url": "https://github.com/ChristianRiesen/base32.git",
                "reference": "2e82dab3baa008e24a505649b0d583c31d31e894"
            },
            "dist": {
                "type": "zip",
                "url": "https://api.github.com/repos/ChristianRiesen/base32/zipball/2e82dab3baa008e24a505649b0d583c31d31e894",
                "reference": "2e82dab3baa008e24a505649b0d583c31d31e894",
                "shasum": ""
            },
            "require": {
                "php": "^7.2 || ^8.0"
            },
            "require-dev": {
                "friendsofphp/php-cs-fixer": "^2.17",
                "phpstan/phpstan": "^0.12",
                "phpunit/phpunit": "^8.5.13 || ^9.5"
            },
            "type": "library",
            "extra": {
                "branch-alias": {
                    "dev-master": "1.x-dev"
                }
            },
            "autoload": {
                "psr-4": {
                    "Base32\\": "src/"
                }
            },
            "notification-url": "https://packagist.org/downloads/",
            "license": [
                "MIT"
            ],
            "authors": [
                {
                    "name": "Christian Riesen",
                    "email": "chris.riesen@gmail.com",
                    "homepage": "http://christianriesen.com",
                    "role": "Developer"
                }
            ],
            "description": "Base32 encoder/decoder according to RFC 4648",
            "homepage": "https://github.com/ChristianRiesen/base32",
            "keywords": [
                "base32",
                "decode",
                "encode",
                "rfc4648"
            ],
            "support": {
                "issues": "https://github.com/ChristianRiesen/base32/issues",
                "source": "https://github.com/ChristianRiesen/base32/tree/1.6.0"
            },
            "time": "2021-02-26T10:19:33+00:00"
        },
        {
            "name": "codeitnowin/barcode",
            "version": "3.0.5",
            "source": {
                "type": "git",
                "url": "https://github.com/codeitnowin/barcode-generator.git",
                "reference": "bd140d279fc813e00f72eaa4f033186bf78b8786"
            },
            "dist": {
                "type": "zip",
                "url": "https://api.github.com/repos/codeitnowin/barcode-generator/zipball/bd140d279fc813e00f72eaa4f033186bf78b8786",
                "reference": "bd140d279fc813e00f72eaa4f033186bf78b8786",
                "shasum": ""
            },
            "require": {
                "ext-gd": "*",
                "php": ">=5.3.2"
            },
            "type": "library",
            "autoload": {
                "psr-4": {
                    "CodeItNow\\": "CodeItNow/"
                }
            },
            "notification-url": "https://packagist.org/downloads/",
            "license": [
                "MIT"
            ],
            "authors": [
                {
                    "name": "Akhtar Khan",
                    "email": "er.akhtarkhan@gmail.com"
                }
            ],
            "description": "Barcode & Qr Code generator library by http://www.codeitnow.in. You can use it with Custom PHP application or any PHP Framework such as Laravel, Cakephp, Yii, Codeigneter etc.",
            "homepage": "http://www.codeitnow.in",
            "keywords": [
                "Symfony2",
                "barcode",
                "cakephp",
                "code",
                "generator",
                "laravel",
                "qr",
                "qrcode",
                "symfony"
            ],
            "support": {
                "issues": "https://github.com/codeitnowin/barcode-generator/issues",
                "source": "https://github.com/codeitnowin/barcode-generator/tree/v3.0.5"
            },
            "time": "2021-02-19T15:33:44+00:00"
        },
        {
            "name": "erusev/parsedown",
            "version": "1.8.0-beta-7",
            "source": {
                "type": "git",
                "url": "https://github.com/erusev/parsedown.git",
                "reference": "fe7a50eceb4a3c867cc9fa9c0aa906b1067d1955"
            },
            "dist": {
                "type": "zip",
                "url": "https://api.github.com/repos/erusev/parsedown/zipball/fe7a50eceb4a3c867cc9fa9c0aa906b1067d1955",
                "reference": "fe7a50eceb4a3c867cc9fa9c0aa906b1067d1955",
                "shasum": ""
            },
            "require": {
                "ext-mbstring": "*",
                "php": ">=5.3.0"
            },
            "require-dev": {
                "phpunit/phpunit": "^4.8.35"
            },
            "type": "library",
            "autoload": {
                "psr-0": {
                    "Parsedown": ""
                }
            },
            "notification-url": "https://packagist.org/downloads/",
            "license": [
                "MIT"
            ],
            "authors": [
                {
                    "name": "Emanuil Rusev",
                    "email": "hello@erusev.com",
                    "homepage": "http://erusev.com"
                }
            ],
            "description": "Parser for Markdown.",
            "homepage": "http://parsedown.org",
            "keywords": [
                "markdown",
                "parser"
            ],
            "support": {
                "issues": "https://github.com/erusev/parsedown/issues",
                "source": "https://github.com/erusev/parsedown/tree/1.8.0-beta-7"
            },
            "time": "2019-03-17T18:47:21+00:00"
        },
        {
            "name": "ezyang/htmlpurifier",
            "version": "v4.13.0",
            "source": {
                "type": "git",
                "url": "https://github.com/ezyang/htmlpurifier.git",
                "reference": "08e27c97e4c6ed02f37c5b2b20488046c8d90d75"
            },
            "dist": {
                "type": "zip",
                "url": "https://api.github.com/repos/ezyang/htmlpurifier/zipball/08e27c97e4c6ed02f37c5b2b20488046c8d90d75",
                "reference": "08e27c97e4c6ed02f37c5b2b20488046c8d90d75",
                "shasum": ""
            },
            "require": {
                "php": ">=5.2"
            },
            "require-dev": {
                "simpletest/simpletest": "dev-master#72de02a7b80c6bb8864ef9bf66d41d2f58f826bd"
            },
            "type": "library",
            "autoload": {
                "psr-0": {
                    "HTMLPurifier": "library/"
                },
                "files": [
                    "library/HTMLPurifier.composer.php"
                ],
                "exclude-from-classmap": [
                    "/library/HTMLPurifier/Language/"
                ]
            },
            "notification-url": "https://packagist.org/downloads/",
            "license": [
                "LGPL-2.1-or-later"
            ],
            "authors": [
                {
                    "name": "Edward Z. Yang",
                    "email": "admin@htmlpurifier.org",
                    "homepage": "http://ezyang.com"
                }
            ],
            "description": "Standards compliant HTML filter written in PHP",
            "homepage": "http://htmlpurifier.org/",
            "keywords": [
                "html"
            ],
            "support": {
                "issues": "https://github.com/ezyang/htmlpurifier/issues",
                "source": "https://github.com/ezyang/htmlpurifier/tree/master"
            },
            "time": "2020-06-29T00:56:53+00:00"
        },
        {
            "name": "paragonie/random_compat",
            "version": "v2.0.19",
            "source": {
                "type": "git",
                "url": "https://github.com/paragonie/random_compat.git",
                "reference": "446fc9faa5c2a9ddf65eb7121c0af7e857295241"
            },
            "dist": {
                "type": "zip",
                "url": "https://api.github.com/repos/paragonie/random_compat/zipball/446fc9faa5c2a9ddf65eb7121c0af7e857295241",
                "reference": "446fc9faa5c2a9ddf65eb7121c0af7e857295241",
                "shasum": ""
            },
            "require": {
                "php": ">=5.2.0"
            },
            "require-dev": {
                "phpunit/phpunit": "4.*|5.*"
            },
            "suggest": {
                "ext-libsodium": "Provides a modern crypto API that can be used to generate random bytes."
            },
            "type": "library",
            "autoload": {
                "files": [
                    "lib/random.php"
                ]
            },
            "notification-url": "https://packagist.org/downloads/",
            "license": [
                "MIT"
            ],
            "authors": [
                {
                    "name": "Paragon Initiative Enterprises",
                    "email": "security@paragonie.com",
                    "homepage": "https://paragonie.com"
                }
            ],
            "description": "PHP 5.x polyfill for random_bytes() and random_int() from PHP 7",
            "keywords": [
                "csprng",
                "polyfill",
                "pseudorandom",
                "random"
            ],
            "support": {
                "email": "info@paragonie.com",
                "issues": "https://github.com/paragonie/random_compat/issues",
                "source": "https://github.com/paragonie/random_compat"
            },
            "time": "2020-10-15T10:06:57+00:00"
        }
    ],
    "packages-dev": [],
    "aliases": [],
    "minimum-stability": "stable",
    "stability-flags": {
        "erusev/parsedown": 10
    },
    "prefer-stable": false,
    "prefer-lowest": false,
    "platform": {
        "php": ">=5.4",
        "ext-mbstring": "*",
        "ext-json": "*",
        "ext-curl": "*",
        "ext-openssl": "*",
        "ext-session": "*"
    },
    "platform-dev": [],
    "plugin-api-version": "2.0.0"
}
